
Microsoft Visual Studio Solution File, Format Version 12.00
# Visual Studio Version 16
VisualStudioVersion = 16.0.33801.447
MinimumVisualStudioVersion = 10.0.40219.1
Project("{FAE04EC0-301F-11D3-BF4B-00C04F79EFBC}") = "WinFormsCallPHPWebServices2", "WinFormsCallPHPWebServices2\WinFormsCallPHPWebServices2.csproj", "{64E90226-6BE5-43DD-8BAB-BFE7E239C9FB}"
EndProject
Global
	GlobalSection(SolutionConfigurationPlatforms) = preSolution
		Debug|Any CPU = Debug|Any CPU
		Release|Any CPU = Release|Any CPU
	EndGlobalSection
	GlobalSection(ProjectConfigurationPlatforms) = postSolution
		{64E90226-6BE5-43DD-8BAB-BFE7E239C9FB}.Debug|Any CPU.ActiveCfg = Debug|Any CPU
		{64E90226-6BE5-43DD-8BAB-BFE7E239C9FB}.Debug|Any CPU.Build.0 = Debug|Any CPU
		{64E90226-6BE5-43DD-8BAB-BFE7E239C9FB}.Release|Any CPU.ActiveCfg = Release|Any CPU
		{64E90226-6BE5-43DD-8BAB-BFE7E239C9FB}.Release|Any CPU.Build.0 = Release|Any CPU
	EndGlobalSection
	GlobalSection(SolutionProperties) = preSolution
		HideSolutionNode = FALSE
	EndGlobalSection
	GlobalSection(ExtensibilityGlobals) = postSolution
		SolutionGuid = {1790AEB5-2E81-4612-83ED-DC8F90FD0D29}
	EndGlobalSection
EndGlobal
